// !$*UTF8*$!
{
	archiveVersion = 1;
	classes = {
	};
	objectVersion = 46;
	objects = {

/* Begin PBXBuildFile section */
		F1B927831CC16FAC00CD6457 /* HIDPS2KeyboardWrapper.cpp in Sources */ = {isa = PBXBuildFile; fileRef = F1B927811CC16FAC00CD6457 /* HIDPS2KeyboardWrapper.cpp */; };
		F1B927841CC16FAC00CD6457 /* HIDPS2KeyboardWrapper.h in Headers */ = {isa = PBXBuildFile; fileRef = F1B927821CC16FAC00CD6457 /* HIDPS2KeyboardWrapper.h */; };
		F1BBE87B1CC0E28400FBF79B /* HIDPS2Keyboard.h in Headers */ = {isa = PBXBuildFile; fileRef = F1BBE87A1CC0E28400FBF79B /* HIDPS2Keyboard.h */; };
		F1BBE87D1CC0E28400FBF79B /* HIDPS2Keyboard.cpp in Sources */ = {isa = PBXBuildFile; fileRef = F1BBE87C1CC0E28400FBF79B /* HIDPS2Keyboard.cpp */; };
/* End PBXBuildFile section */

/* Begin PBXFileReference section */
		F1B927811CC16FAC00CD6457 /* HIDPS2KeyboardWrapper.cpp */ = {isa = PBXFileReference; fileEncoding = 4; lastKnownFileType = sourcecode.cpp.cpp; path = HIDPS2KeyboardWrapper.cpp; sourceTree = "<group>"; };
		F1B927821CC16FAC00CD6457 /* HIDPS2KeyboardWrapper.h */ = {isa = PBXFileReference; fileEncoding = 4; lastKnownFileType = sourcecode.c.h; path = HIDPS2KeyboardWrapper.h; sourceTree = "<group>"; };
		F1BBE8771CC0E28400FBF79B /* HIDPS2Keyboard.kext */ = {isa = PBXFileReference; explicitFileType = wrapper.cfbundle; includeInIndex = 0; path = HIDPS2Keyboard.kext; sourceTree = BUILT_PRODUCTS_DIR; };
		F1BBE87A1CC0E28400FBF79B /* HIDPS2Keyboard.h */ = {isa = PBXFileReference; lastKnownFileType = sourcecode.c.h; path = HIDPS2Keyboard.h; sourceTree = "<group>"; };
		F1BBE87C1CC0E28400FBF79B /* HIDPS2Keyboard.cpp */ = {isa = PBXFileReference; lastKnownFileType = sourcecode.cpp.cpp; path = HIDPS2Keyboard.cpp; sourceTree = "<group>"; };
		F1BBE87E1CC0E28400FBF79B /* Info.plist */ = {isa = PBXFileReference; lastKnownFileType = text.plist.xml; path = Info.plist; sourceTree = "<group>"; };
/* End PBXFileReference section */

/* Begin PBXFrameworksBuildPhase section */
		F1BBE8731CC0E28400FBF79B /* Frameworks */ = {
			isa = PBXFrameworksBuildPhase;
			buildActionMask = 2147483647;
			files = (
			);
			runOnlyForDeploymentPostprocessing = 0;
		};
/* End PBXFrameworksBuildPhase section */

/* Begin PBXGroup section */
		F1BBE86D1CC0E28400FBF79B = {
			isa = PBXGroup;
			children = (
				F1BBE8791CC0E28400FBF79B /* HIDPS2Keyboard */,
				F1BBE8781CC0E28400FBF79B /* Products */,
			);
			sourceTree = "<group>";
		};
		F1BBE8781CC0E28400FBF79B /* Products */ = {
			isa = PBXGroup;
			children = (
				F1BBE8771CC0E28400FBF79B /* HIDPS2Keyboard.kext */,
			);
			name = Products;
			sourceTree = "<group>";
		};
		F1BBE8791CC0E28400FBF79B /* HIDPS2Keyboard */ = {
			isa = PBXGroup;
			children = (
				F1BBE87A1CC0E28400FBF79B /* HIDPS2Keyboard.h */,
				F1BBE87C1CC0E28400FBF79B /* HIDPS2Keyboard.cpp */,
				F1B927811CC16FAC00CD6457 /* HIDPS2KeyboardWrapper.cpp */,
				F1B927821CC16FAC00CD6457 /* HIDPS2KeyboardWrapper.h */,
				F1BBE87E1CC0E28400FBF79B /* Info.plist */,
			);
			path = HIDPS2Keyboard;
			sourceTree = "<group>";
		};
/* End PBXGroup section */

/* Begin PBXHeadersBuildPhase section */
		F1BBE8741CC0E28400FBF79B /* Headers */ = {
			isa = PBXHeadersBuildPhase;
			buildActionMask = 2147483647;
			files = (
				F1BBE87B1CC0E28400FBF79B /* HIDPS2Keyboard.h in Headers */,
				F1B927841CC16FAC00CD6457 /* HIDPS2KeyboardWrapper.h in Headers */,
			);
			runOnlyForDeploymentPostprocessing = 0;
		};
/* End PBXHeadersBuildPhase section */

/* Begin PBXNativeTarget section */
		F1BBE8761CC0E28400FBF79B /* HIDPS2Keyboard */ = {
			isa = PBXNativeTarget;
			buildConfigurationList = F1BBE8811CC0E28400FBF79B /* Build configuration list for PBXNativeTarget "HIDPS2Keyboard" */;
			buildPhases = (
				F1BBE8721CC0E28400FBF79B /* Sources */,
				F1BBE8731CC0E28400FBF79B /* Frameworks */,
				F1BBE8741CC0E28400FBF79B /* Headers */,
				F1BBE8751CC0E28400FBF79B /* Resources */,
			);
			buildRules = (
			);
			dependencies = (
			);
			name = HIDPS2Keyboard;
			productName = HIDPS2Keyboard;
			productReference = F1BBE8771CC0E28400FBF79B /* HIDPS2Keyboard.kext */;
			productType = "com.apple.product-type.kernel-extension";
		};
/* End PBXNativeTarget section */

/* Begin PBXProject section */
		F1BBE86E1CC0E28400FBF79B /* Project object */ = {
			isa = PBXProject;
			attributes = {
				LastUpgradeCheck = 0730;
				ORGANIZATIONNAME = coolstar;
				TargetAttributes = {
					F1BBE8761CC0E28400FBF79B = {
						CreatedOnToolsVersion = 7.3;
					};
				};
			};
			buildConfigurationList = F1BBE8711CC0E28400FBF79B /* Build configuration list for PBXProject "HIDPS2Keyboard" */;
			compatibilityVersion = "Xcode 3.2";
			developmentRegion = English;
			hasScannedForEncodings = 0;
			knownRegions = (
				en,
			);
			mainGroup = F1BBE86D1CC0E28400FBF79B;
			productRefGroup = F1BBE8781CC0E28400FBF79B /* Products */;
			projectDirPath = "";
			projectRoot = "";
			targets = (
				F1BBE8761CC0E28400FBF79B /* HIDPS2Keyboard */,
			);
		};
/* End PBXProject section */

/* Begin PBXResourcesBuildPhase section */
		F1BBE8751CC0E28400FBF79B /* Resources */ = {
			isa = PBXResourcesBuildPhase;
			buildActionMask = 2147483647;
			files = (
			);
			runOnlyForDeploymentPostprocessing = 0;
		};
/* End PBXResourcesBuildPhase section */

/* Begin PBXSourcesBuildPhase section */
		F1BBE8721CC0E28400FBF79B /* Sources */ = {
			isa = PBXSourcesBuildPhase;
			buildActionMask = 2147483647;
			files = (
				F1B927831CC16FAC00CD6457 /* HIDPS2KeyboardWrapper.cpp in Sources */,
				F1BBE87D1CC0E28400FBF79B /* HIDPS2Keyboard.cpp in Sources */,
			);
			runOnlyForDeploymentPostprocessing = 0;
		};
/* End PBXSourcesBuildPhase section */

/* Begin XCBuildConfiguration section */
		F1BBE87F1CC0E28400FBF79B /* Debug */ = {
			isa = XCBuildConfiguration;
			buildSettings = {
				ALWAYS_SEARCH_USER_PATHS = NO;
				CLANG_ANALYZER_NONNULL = YES;
				CLANG_CXX_LANGUAGE_STANDARD = "gnu++0x";
				CLANG_CXX_LIBRARY = "libc++";
				CLANG_ENABLE_MODULES = YES;
				CLANG_ENABLE_OBJC_ARC = YES;
				CLANG_WARN_BOOL_CONVERSION = YES;
				CLANG_WARN_CONSTANT_CONVERSION = YES;
				CLANG_WARN_DIRECT_OBJC_ISA_USAGE = YES_ERROR;
				CLANG_WARN_EMPTY_BODY = YES;
				CLANG_WARN_ENUM_CONVERSION = YES;
				CLANG_WARN_INT_CONVERSION = YES;
				CLANG_WARN_OBJC_ROOT_CLASS = YES_ERROR;
				CLANG_WARN_UNREACHABLE_CODE = YES;
				CLANG_WARN__DUPLICATE_METHOD_MATCH = YES;
				CODE_SIGN_IDENTITY = "-";
				COPY_PHASE_STRIP = NO;
				DEBUG_INFORMATION_FORMAT = dwarf;
				ENABLE_STRICT_OBJC_MSGSEND = YES;
				ENABLE_TESTABILITY = YES;
				GCC_C_LANGUAGE_STANDARD = gnu99;
				GCC_DYNAMIC_NO_PIC = NO;
				GCC_NO_COMMON_BLOCKS = YES;
				GCC_OPTIMIZATION_LEVEL = 0;
				GCC_PREPROCESSOR_DEFINITIONS = (
					"DEBUG=1",
					"$(inherited)",
				);
				GCC_WARN_64_TO_32_BIT_CONVERSION = YES;
				GCC_WARN_ABOUT_RETURN_TYPE = YES_ERROR;
				GCC_WARN_UNDECLARED_SELECTOR = YES;
				GCC_WARN_UNINITIALIZED_AUTOS = YES_AGGRESSIVE;
				GCC_WARN_UNUSED_FUNCTION = YES;
				GCC_WARN_UNUSED_VARIABLE = YES;
				MACOSX_DEPLOYMENT_TARGET = 10.11;
				MTL_ENABLE_DEBUG_INFO = YES;
				ONLY_ACTIVE_ARCH = YES;
				SDKROOT = macosx;
			};
			name = Debug;
		};
		F1BBE8801CC0E28400FBF79B /* Release */ = {
			isa = XCBuildConfiguration;
			buildSettings = {
				ALWAYS_SEARCH_USER_PATHS = NO;
				CLANG_ANALYZER_NONNULL = YES;
				CLANG_CXX_LANGUAGE_STANDARD = "gnu++0x";
				CLANG_CXX_LIBRARY = "libc++";
				CLANG_ENABLE_MODULES = YES;
				CLANG_ENABLE_OBJC_ARC = YES;
				CLANG_WARN_BOOL_CONVERSION = YES;
				CLANG_WARN_CONSTANT_CONVERSION = YES;
				CLANG_WARN_DIRECT_OBJC_ISA_USAGE = YES_ERROR;
				CLANG_WARN_EMPTY_BODY = YES;
				CLANG_WARN_ENUM_CONVERSION = YES;
				CLANG_WARN_INT_CONVERSION = YES;
				CLANG_WARN_OBJC_ROOT_CLASS = YES_ERROR;
				CLANG_WARN_UNREACHABLE_CODE = YES;
				CLANG_WARN__DUPLICATE_METHOD_MATCH = YES;
				CODE_SIGN_IDENTITY = "-";
				COPY_PHASE_STRIP = NO;
				DEBUG_INFORMATION_FORMAT = "dwarf-with-dsym";
				ENABLE_NS_ASSERTIONS = NO;
				ENABLE_STRICT_OBJC_MSGSEND = YES;
				GCC_C_LANGUAGE_STANDARD = gnu99;
				GCC_NO_COMMON_BLOCKS = YES;
				GCC_WARN_64_TO_32_BIT_CONVERSION = YES;
				GCC_WARN_ABOUT_RETURN_TYPE = YES_ERROR;
				GCC_WARN_UNDECLARED_SELECTOR = YES;
				GCC_WARN_UNINITIALIZED_AUTOS = YES_AGGRESSIVE;
				GCC_WARN_UNUSED_FUNCTION = YES;
				GCC_WARN_UNUSED_VARIABLE = YES;
				MACOSX_DEPLOYMENT_TARGET = 10.11;
				MTL_ENABLE_DEBUG_INFO = NO;
				SDKROOT = macosx;
			};
			name = Release;
		};
		F1BBE8821CC0E28400FBF79B /* Debug */ = {
			isa = XCBuildConfiguration;
			buildSettings = {
				COMBINE_HIDPI_IMAGES = YES;
				CURRENT_PROJECT_VERSION = 1.0.0d1;
				INFOPLIST_FILE = HIDPS2Keyboard/Info.plist;
				MODULE_NAME = org.coolstar.HIDPS2Keyboard;
				MODULE_VERSION = 1.0.0d1;
				PRODUCT_BUNDLE_IDENTIFIER = org.coolstar.HIDPS2Keyboard;
				PRODUCT_NAME = "$(TARGET_NAME)";
				WRAPPER_EXTENSION = kext;
			};
			name = Debug;
		};
		F1BBE8831CC0E28400FBF79B /* Release */ = {
			isa = XCBuildConfiguration;
			buildSettings = {
				COMBINE_HIDPI_IMAGES = YES;
				CURRENT_PROJECT_VERSION = 1.0.0d1;
				INFOPLIST_FILE = HIDPS2Keyboard/Info.plist;
				MODULE_NAME = org.coolstar.HIDPS2Keyboard;
				MODULE_VERSION = 1.0.0d1;
				PRODUCT_BUNDLE_IDENTIFIER = org.coolstar.HIDPS2Keyboard;
				PRODUCT_NAME = "$(TARGET_NAME)";
				WRAPPER_EXTENSION = kext;
			};
			name = Release;
		};
/* End XCBuildConfiguration section */

/* Begin XCConfigurationList section */
		F1BBE8711CC0E28400FBF79B /* Build configuration list for PBXProject "HIDPS2Keyboard" */ = {
			isa = XCConfigurationList;
			buildConfigurations = (
				F1BBE87F1CC0E28400FBF79B /* Debug */,
				F1BBE8801CC0E28400FBF79B /* Release */,
			);
			defaultConfigurationIsVisible = 0;
			defaultConfigurationName = Release;
		};
		F1BBE8811CC0E28400FBF79B /* Build configuration list for PBXNativeTarget "HIDPS2Keyboard" */ = {
			isa = XCConfigurationList;
			buildConfigurations = (
				F1BBE8821CC0E28400FBF79B /* Debug */,
				F1BBE8831CC0E28400FBF79B /* Release */,
			);
			defaultConfigurationIsVisible = 0;
			defaultConfigurationName = Release;
		};
/* End XCConfigurationList section */
	};
	rootObject = F1BBE86E1CC0E28400FBF79B /* Project object */;
}
